// !$*UTF8*$!
{
	archiveVersion = 1;
	classes = {
	};
	objectVersion = 50;
	objects = {

/* Begin PBXBuildFile section */
		55365E8322E1998D0049F48F /* AppDelegate.swift in Sources */ = {isa = PBXBuildFile; fileRef = 55365E8222E1998D0049F48F /* AppDelegate.swift */; };
		55365E8B22E1998D0049F48F /* DouyuZB.xcdatamodeld in Sources */ = {isa = PBXBuildFile; fileRef = 55365E8922E1998D0049F48F /* DouyuZB.xcdatamodeld */; };
		55365E8D22E1998F0049F48F /* Assets.xcassets in Resources */ = {isa = PBXBuildFile; fileRef = 55365E8C22E1998F0049F48F /* Assets.xcassets */; };
		55365E9022E1998F0049F48F /* LaunchScreen.storyboard in Resources */ = {isa = PBXBuildFile; fileRef = 55365E8E22E1998F0049F48F /* LaunchScreen.storyboard */; };
		55365E9B22E1998F0049F48F /* DouyuZBTests.swift in Sources */ = {isa = PBXBuildFile; fileRef = 55365E9A22E1998F0049F48F /* DouyuZBTests.swift */; };
		55365EA622E1998F0049F48F /* DouyuZBUITests.swift in Sources */ = {isa = PBXBuildFile; fileRef = 55365EA522E1998F0049F48F /* DouyuZBUITests.swift */; };
		55924EF522E420B100B2B707 /* Home.storyboard in Resources */ = {isa = PBXBuildFile; fileRef = 55924EF322E420B100B2B707 /* Home.storyboard */; };
		55924EF722E420D000B2B707 /* Live.storyboard in Resources */ = {isa = PBXBuildFile; fileRef = 55924EF622E420D000B2B707 /* Live.storyboard */; };
		55924EFA22E4210000B2B707 /* Follow.storyboard in Resources */ = {isa = PBXBuildFile; fileRef = 55924EF822E4210000B2B707 /* Follow.storyboard */; };
		55924EFC22E4211200B2B707 /* Profile.storyboard in Resources */ = {isa = PBXBuildFile; fileRef = 55924EFB22E4211200B2B707 /* Profile.storyboard */; };
		55924EFF22E4220800B2B707 /* Main.storyboard in Resources */ = {isa = PBXBuildFile; fileRef = 55924EFD22E4220700B2B707 /* Main.storyboard */; };
		55924F0722E4275400B2B707 /* HomeViewController.swift in Sources */ = {isa = PBXBuildFile; fileRef = 55924F0622E4275400B2B707 /* HomeViewController.swift */; };
		55924F0A22E42FE200B2B707 /* UIBarButtonItem_extension.swift in Sources */ = {isa = PBXBuildFile; fileRef = 55924F0922E42FE200B2B707 /* UIBarButtonItem_extension.swift */; };
/* End PBXBuildFile section */

/* Begin PBXContainerItemProxy section */
		55365E9722E1998F0049F48F /* PBXContainerItemProxy */ = {
			isa = PBXContainerItemProxy;
			containerPortal = 55365E7722E1998D0049F48F /* Project object */;
			proxyType = 1;
			remoteGlobalIDString = 55365E7E22E1998D0049F48F;
			remoteInfo = DouyuZB;
		};
		55365EA222E1998F0049F48F /* PBXContainerItemProxy */ = {
			isa = PBXContainerItemProxy;
			containerPortal = 55365E7722E1998D0049F48F /* Project object */;
			proxyType = 1;
			remoteGlobalIDString = 55365E7E22E1998D0049F48F;
			remoteInfo = DouyuZB;
		};
/* End PBXContainerItemProxy section */

/* Begin PBXFileReference section */
		55365E7F22E1998D0049F48F /* DouyuZB.app */ = {isa = PBXFileReference; explicitFileType = wrapper.application; includeInIndex = 0; path = DouyuZB.app; sourceTree = BUILT_PRODUCTS_DIR; };
		55365E8222E1998D0049F48F /* AppDelegate.swift */ = {isa = PBXFileReference; lastKnownFileType = sourcecode.swift; path = AppDelegate.swift; sourceTree = "<group>"; };
		55365E8A22E1998D0049F48F /* DouyuZB.xcdatamodel */ = {isa = PBXFileReference; lastKnownFileType = wrapper.xcdatamodel; path = DouyuZB.xcdatamodel; sourceTree = "<group>"; };
		55365E8C22E1998F0049F48F /* Assets.xcassets */ = {isa = PBXFileReference; lastKnownFileType = folder.assetcatalog; path = Assets.xcassets; sourceTree = "<group>"; };
		55365E8F22E1998F0049F48F /* Base */ = {isa = PBXFileReference; lastKnownFileType = file.storyboard; name = Base; path = Base.lproj/LaunchScreen.storyboard; sourceTree = "<group>"; };
		55365E9122E1998F0049F48F /* Info.plist */ = {isa = PBXFileReference; lastKnownFileType = text.plist.xml; path = Info.plist; sourceTree = "<group>"; };
		55365E9622E1998F0049F48F /* DouyuZBTests.xctest */ = {isa = PBXFileReference; explicitFileType = wrapper.cfbundle; includeInIndex = 0; path = DouyuZBTests.xctest; sourceTree = BUILT_PRODUCTS_DIR; };
		55365E9A22E1998F0049F48F /* DouyuZBTests.swift */ = {isa = PBXFileReference; lastKnownFileType = sourcecode.swift; path = DouyuZBTests.swift; sourceTree = "<group>"; };
		55365E9C22E1998F0049F48F /* Info.plist */ = {isa = PBXFileReference; lastKnownFileType = text.plist.xml; path = Info.plist; sourceTree = "<group>"; };
		55365EA122E1998F0049F48F /* DouyuZBUITests.xctest */ = {isa = PBXFileReference; explicitFileType = wrapper.cfbundle; includeInIndex = 0; path = DouyuZBUITests.xctest; sourceTree = BUILT_PRODUCTS_DIR; };
		55365EA522E1998F0049F48F /* DouyuZBUITests.swift */ = {isa = PBXFileReference; lastKnownFileType = sourcecode.swift; path = DouyuZBUITests.swift; sourceTree = "<group>"; };
		55365EA722E1998F0049F48F /* Info.plist */ = {isa = PBXFileReference; lastKnownFileType = text.plist.xml; path = Info.plist; sourceTree = "<group>"; };
		55924EF422E420B100B2B707 /* Base */ = {isa = PBXFileReference; lastKnownFileType = file.storyboard; name = Base; path = DouyuZB/Base.lproj/Home.storyboard; sourceTree = "<group>"; };
		55924EF622E420D000B2B707 /* Live.storyboard */ = {isa = PBXFileReference; fileEncoding = 4; lastKnownFileType = file.storyboard; path = Live.storyboard; sourceTree = "<group>"; };
		55924EF922E4210000B2B707 /* Base */ = {isa = PBXFileReference; lastKnownFileType = file.storyboard; name = Base; path = DouyuZB/Base.lproj/Follow.storyboard; sourceTree = "<group>"; };
		55924EFB22E4211200B2B707 /* Profile.storyboard */ = {isa = PBXFileReference; fileEncoding = 4; lastKnownFileType = file.storyboard; path = Profile.storyboard; sourceTree = "<group>"; };
		55924EFE22E4220700B2B707 /* Base */ = {isa = PBXFileReference; lastKnownFileType = file.storyboard; name = Base; path = DouyuZB/Base.lproj/Main.storyboard; sourceTree = SOURCE_ROOT; };
		55924F0622E4275400B2B707 /* HomeViewController.swift */ = {isa = PBXFileReference; lastKnownFileType = sourcecode.swift; path = HomeViewController.swift; sourceTree = "<group>"; };
		55924F0922E42FE200B2B707 /* UIBarButtonItem_extension.swift */ = {isa = PBXFileReference; lastKnownFileType = sourcecode.swift; path = UIBarButtonItem_extension.swift; sourceTree = "<group>"; };
/* End PBXFileReference section */

/* Begin PBXFrameworksBuildPhase section */
		55365E7C22E1998D0049F48F /* Frameworks */ = {
			isa = PBXFrameworksBuildPhase;
			buildActionMask = 2147483647;
			files = (
			);
			runOnlyForDeploymentPostprocessing = 0;
		};
		55365E9322E1998F0049F48F /* Frameworks */ = {
			isa = PBXFrameworksBuildPhase;
			buildActionMask = 2147483647;
			files = (
			);
			runOnlyForDeploymentPostprocessing = 0;
		};
		55365E9E22E1998F0049F48F /* Frameworks */ = {
			isa = PBXFrameworksBuildPhase;
			buildActionMask = 2147483647;
			files = (
			);
			runOnlyForDeploymentPostprocessing = 0;
		};
/* End PBXFrameworksBuildPhase section */

/* Begin PBXGroup section */
		55365E7622E1998D0049F48F = {
			isa = PBXGroup;
			children = (
				55365E8122E1998D0049F48F /* DouyuZB */,
				55365E9922E1998F0049F48F /* DouyuZBTests */,
				55365EA422E1998F0049F48F /* DouyuZBUITests */,
				55365E8022E1998D0049F48F /* Products */,
			);
			sourceTree = "<group>";
		};
		55365E8022E1998D0049F48F /* Products */ = {
			isa = PBXGroup;
			children = (
				55365E7F22E1998D0049F48F /* DouyuZB.app */,
				55365E9622E1998F0049F48F /* DouyuZBTests.xctest */,
				55365EA122E1998F0049F48F /* DouyuZBUITests.xctest */,
			);
			name = Products;
			sourceTree = "<group>";
		};
		55365E8122E1998D0049F48F /* DouyuZB */ = {
			isa = PBXGroup;
			children = (
				55924EEC22E4189D00B2B707 /* Classes */,
				55924EEE22E4189D00B2B707 /* Tools */,
				55365E8222E1998D0049F48F /* AppDelegate.swift */,
				55365E8C22E1998F0049F48F /* Assets.xcassets */,
				55365E8E22E1998F0049F48F /* LaunchScreen.storyboard */,
				55365E9122E1998F0049F48F /* Info.plist */,
				55365E8922E1998D0049F48F /* DouyuZB.xcdatamodeld */,
			);
			path = DouyuZB;
			sourceTree = "<group>";
		};
		55365E9922E1998F0049F48F /* DouyuZBTests */ = {
			isa = PBXGroup;
			children = (
				55365E9A22E1998F0049F48F /* DouyuZBTests.swift */,
				55365E9C22E1998F0049F48F /* Info.plist */,
			);
			path = DouyuZBTests;
			sourceTree = "<group>";
		};
		55365EA422E1998F0049F48F /* DouyuZBUITests */ = {
			isa = PBXGroup;
			children = (
				55365EA522E1998F0049F48F /* DouyuZBUITests.swift */,
				55365EA722E1998F0049F48F /* Info.plist */,
			);
			path = DouyuZBUITests;
			sourceTree = "<group>";
		};
		55924EEC22E4189D00B2B707 /* Classes */ = {
			isa = PBXGroup;
			children = (
				55924EF222E4189D00B2B707 /* Main */,
				55924EED22E4189D00B2B707 /* Home */,
				55924EEF22E4189D00B2B707 /* Follow */,
				55924EF022E4189D00B2B707 /* Profile */,
				55924EF122E4189D00B2B707 /* Live */,
			);
			path = Classes;
			sourceTree = "<group>";
		};
		55924EED22E4189D00B2B707 /* Home */ = {
			isa = PBXGroup;
			children = (
				55924F0122E4264000B2B707 /* Model */,
				55924F0022E4264000B2B707 /* View */,
				55924F0222E4264700B2B707 /* Controller */,
				55924EF322E420B100B2B707 /* Home.storyboard */,
			);
			path = Home;
			sourceTree = "<group>";
		};
		55924EEE22E4189D00B2B707 /* Tools */ = {
			isa = PBXGroup;
			children = (
				55924F0822E42FAD00B2B707 /* Extension */,
			);
			path = Tools;
			sourceTree = "<group>";
		};
		55924EEF22E4189D00B2B707 /* Follow */ = {
			isa = PBXGroup;
			children = (
				55924EF822E4210000B2B707 /* Follow.storyboard */,
			);
			path = Follow;
			sourceTree = "<group>";
		};
		55924EF022E4189D00B2B707 /* Profile */ = {
			isa = PBXGroup;
			children = (
				55924EFB22E4211200B2B707 /* Profile.storyboard */,
			);
			path = Profile;
			sourceTree = "<group>";
		};
		55924EF122E4189D00B2B707 /* Live */ = {
			isa = PBXGroup;
			children = (
				55924EF622E420D000B2B707 /* Live.storyboard */,
			);
			path = Live;
			sourceTree = "<group>";
		};
		55924EF222E4189D00B2B707 /* Main */ = {
			isa = PBXGroup;
			children = (
				55924F0322E426A200B2B707 /* Model */,
				55924F0422E426A200B2B707 /* View */,
				55924F0522E426AC00B2B707 /* Controller */,
				55924EFD22E4220700B2B707 /* Main.storyboard */,
			);
			path = Main;
			sourceTree = "<group>";
		};
		55924F0022E4264000B2B707 /* View */ = {
			isa = PBXGroup;
			children = (
			);
			path = View;
			sourceTree = "<group>";
		};
		55924F0122E4264000B2B707 /* Model */ = {
			isa = PBXGroup;
			children = (
			);
			path = Model;
			sourceTree = "<group>";
		};
		55924F0222E4264700B2B707 /* Controller */ = {
			isa = PBXGroup;
			children = (
				55924F0622E4275400B2B707 /* HomeViewController.swift */,
			);
			path = Controller;
			sourceTree = "<group>";
		};
		55924F0322E426A200B2B707 /* Model */ = {
			isa = PBXGroup;
			children = (
			);
			path = Model;
			sourceTree = "<group>";
		};
		55924F0422E426A200B2B707 /* View */ = {
			isa = PBXGroup;
			children = (
			);
			path = View;
			sourceTree = "<group>";
		};
		55924F0522E426AC00B2B707 /* Controller */ = {
			isa = PBXGroup;
			children = (
			);
			name = Controller;
			path = DouyuZB/Classes/Main/Controller;
			sourceTree = SOURCE_ROOT;
		};
		55924F0822E42FAD00B2B707 /* Extension */ = {
			isa = PBXGroup;
			children = (
				55924F0922E42FE200B2B707 /* UIBarButtonItem_extension.swift */,
			);
			path = Extension;
			sourceTree = "<group>";
		};
/* End PBXGroup section */

/* Begin PBXNativeTarget section */
		55365E7E22E1998D0049F48F /* DouyuZB */ = {
			isa = PBXNativeTarget;
			buildConfigurationList = 55365EAA22E1998F0049F48F /* Build configuration list for PBXNativeTarget "DouyuZB" */;
			buildPhases = (
				55365E7B22E1998D0049F48F /* Sources */,
				55365E7C22E1998D0049F48F /* Frameworks */,
				55365E7D22E1998D0049F48F /* Resources */,
			);
			buildRules = (
			);
			dependencies = (
			);
			name = DouyuZB;
			productName = DouyuZB;
			productReference = 55365E7F22E1998D0049F48F /* DouyuZB.app */;
			productType = "com.apple.product-type.application";
		};
		55365E9522E1998F0049F48F /* DouyuZBTests */ = {
			isa = PBXNativeTarget;
			buildConfigurationList = 55365EAD22E1998F0049F48F /* Build configuration list for PBXNativeTarget "DouyuZBTests" */;
			buildPhases = (
				55365E9222E1998F0049F48F /* Sources */,
				55365E9322E1998F0049F48F /* Frameworks */,
				55365E9422E1998F0049F48F /* Resources */,
			);
			buildRules = (
			);
			dependencies = (
				55365E9822E1998F0049F48F /* PBXTargetDependency */,
			);
			name = DouyuZBTests;
			productName = DouyuZBTests;
			productReference = 55365E9622E1998F0049F48F /* DouyuZBTests.xctest */;
			productType = "com.apple.product-type.bundle.unit-test";
		};
		55365EA022E1998F0049F48F /* DouyuZBUITests */ = {
			isa = PBXNativeTarget;
			buildConfigurationList = 55365EB022E1998F0049F48F /* Build configuration list for PBXNativeTarget "DouyuZBUITests" */;
			buildPhases = (
				55365E9D22E1998F0049F48F /* Sources */,
				55365E9E22E1998F0049F48F /* Frameworks */,
				55365E9F22E1998F0049F48F /* Resources */,
			);
			buildRules = (
			);
			dependencies = (
				55365EA322E1998F0049F48F /* PBXTargetDependency */,
			);
			name = DouyuZBUITests;
			productName = DouyuZBUITests;
			productReference = 55365EA122E1998F0049F48F /* DouyuZBUITests.xctest */;
			productType = "com.apple.product-type.bundle.ui-testing";
		};
/* End PBXNativeTarget section */

/* Begin PBXProject section */
		55365E7722E1998D0049F48F /* Project object */ = {
			isa = PBXProject;
			attributes = {
				LastSwiftUpdateCheck = 1020;
				LastUpgradeCheck = 1020;
				ORGANIZATIONNAME = Oscar;
				TargetAttributes = {
					55365E7E22E1998D0049F48F = {
						CreatedOnToolsVersion = 10.2.1;
					};
					55365E9522E1998F0049F48F = {
						CreatedOnToolsVersion = 10.2.1;
						TestTargetID = 55365E7E22E1998D0049F48F;
					};
					55365EA022E1998F0049F48F = {
						CreatedOnToolsVersion = 10.2.1;
						TestTargetID = 55365E7E22E1998D0049F48F;
					};
				};
			};
			buildConfigurationList = 55365E7A22E1998D0049F48F /* Build configuration list for PBXProject "DouyuZB" */;
			compatibilityVersion = "Xcode 9.3";
			developmentRegion = en;
			hasScannedForEncodings = 0;
			knownRegions = (
				en,
				Base,
			);
			mainGroup = 55365E7622E1998D0049F48F;
			productRefGroup = 55365E8022E1998D0049F48F /* Products */;
			projectDirPath = "";
			projectRoot = "";
			targets = (
				55365E7E22E1998D0049F48F /* DouyuZB */,
				55365E9522E1998F0049F48F /* DouyuZBTests */,
				55365EA022E1998F0049F48F /* DouyuZBUITests */,
			);
		};
/* End PBXProject section */

/* Begin PBXResourcesBuildPhase section */
		55365E7D22E1998D0049F48F /* Resources */ = {
			isa = PBXResourcesBuildPhase;
			buildActionMask = 2147483647;
			files = (
				55924EFF22E4220800B2B707 /* Main.storyboard in Resources */,
				55365E9022E1998F0049F48F /* LaunchScreen.storyboard in Resources */,
				55365E8D22E1998F0049F48F /* Assets.xcassets in Resources */,
				55924EF722E420D000B2B707 /* Live.storyboard in Resources */,
				55924EF522E420B100B2B707 /* Home.storyboard in Resources */,
				55924EFC22E4211200B2B707 /* Profile.storyboard in Resources */,
				55924EFA22E4210000B2B707 /* Follow.storyboard in Resources */,
			);
			runOnlyForDeploymentPostprocessing = 0;
		};
		55365E9422E1998F0049F48F /* Resources */ = {
			isa = PBXResourcesBuildPhase;
			buildActionMask = 2147483647;
			files = (
			);
			runOnlyForDeploymentPostprocessing = 0;
		};
		55365E9F22E1998F0049F48F /* Resources */ = {
			isa = PBXResourcesBuildPhase;
			buildActionMask = 2147483647;
			files = (
			);
			runOnlyForDeploymentPostprocessing = 0;
		};
/* End PBXResourcesBuildPhase section */

/* Begin PBXSourcesBuildPhase section */
		55365E7B22E1998D0049F48F /* Sources */ = {
			isa = PBXSourcesBuildPhase;
			buildActionMask = 2147483647;
			files = (
				55924F0A22E42FE200B2B707 /* UIBarButtonItem_extension.swift in Sources */,
				55365E8322E1998D0049F48F /* AppDelegate.swift in Sources */,
				55365E8B22E1998D0049F48F /* DouyuZB.xcdatamodeld in Sources */,
				55924F0722E4275400B2B707 /* HomeViewController.swift in Sources */,
			);
			runOnlyForDeploymentPostprocessing = 0;
		};
		55365E9222E1998F0049F48F /* Sources */ = {
			isa = PBXSourcesBuildPhase;
			buildActionMask = 2147483647;
			files = (
				55365E9B22E1998F0049F48F /* DouyuZBTests.swift in Sources */,
			);
			runOnlyForDeploymentPostprocessing = 0;
		};
		55365E9D22E1998F0049F48F /* Sources */ = {
			isa = PBXSourcesBuildPhase;
			buildActionMask = 2147483647;
			files = (
				55365EA622E1998F0049F48F /* DouyuZBUITests.swift in Sources */,
			);
			runOnlyForDeploymentPostprocessing = 0;
		};
/* End PBXSourcesBuildPhase section */

/* Begin PBXTargetDependency section */
		55365E9822E1998F0049F48F /* PBXTargetDependency */ = {
			isa = PBXTargetDependency;
			target = 55365E7E22E1998D0049F48F /* DouyuZB */;
			targetProxy = 55365E9722E1998F0049F48F /* PBXContainerItemProxy */;
		};
		55365EA322E1998F0049F48F /* PBXTargetDependency */ = {
			isa = PBXTargetDependency;
			target = 55365E7E22E1998D0049F48F /* DouyuZB */;
			targetProxy = 55365EA222E1998F0049F48F /* PBXContainerItemProxy */;
		};
/* End PBXTargetDependency section */

/* Begin PBXVariantGroup section */
		55365E8E22E1998F0049F48F /* LaunchScreen.storyboard */ = {
			isa = PBXVariantGroup;
			children = (
				55365E8F22E1998F0049F48F /* Base */,
			);
			name = LaunchScreen.storyboard;
			sourceTree = "<group>";
		};
		55924EF322E420B100B2B707 /* Home.storyboard */ = {
			isa = PBXVariantGroup;
			children = (
				55924EF422E420B100B2B707 /* Base */,
			);
			name = Home.storyboard;
			sourceTree = "<group>";
		};
		55924EF822E4210000B2B707 /* Follow.storyboard */ = {
			isa = PBXVariantGroup;
			children = (
				55924EF922E4210000B2B707 /* Base */,
			);
			name = Follow.storyboard;
			sourceTree = "<group>";
		};
		55924EFD22E4220700B2B707 /* Main.storyboard */ = {
			isa = PBXVariantGroup;
			children = (
				55924EFE22E4220700B2B707 /* Base */,
			);
			name = Main.storyboard;
			sourceTree = "<group>";
		};
/* End PBXVariantGroup section */

/* Begin XCBuildConfiguration section */
		55365EA822E1998F0049F48F /* Debug */ = {
			isa = XCBuildConfiguration;
			buildSettings = {
				ALWAYS_SEARCH_USER_PATHS = NO;
				CLANG_ANALYZER_NONNULL = YES;
				CLANG_ANALYZER_NUMBER_OBJECT_CONVERSION = YES_AGGRESSIVE;
				CLANG_CXX_LANGUAGE_STANDARD = "gnu++14";
				CLANG_CXX_LIBRARY = "libc++";
				CLANG_ENABLE_MODULES = YES;
				CLANG_ENABLE_OBJC_ARC = YES;
				CLANG_ENABLE_OBJC_WEAK = YES;
				CLANG_WARN_BLOCK_CAPTURE_AUTORELEASING = YES;
				CLANG_WARN_BOOL_CONVERSION = YES;
				CLANG_WARN_COMMA = YES;
				CLANG_WARN_CONSTANT_CONVERSION = YES;
				CLANG_WARN_DEPRECATED_OBJC_IMPLEMENTATIONS = YES;
				CLANG_WARN_DIRECT_OBJC_ISA_USAGE = YES_ERROR;
				CLANG_WARN_DOCUMENTATION_COMMENTS = YES;
				CLANG_WARN_EMPTY_BODY = YES;
				CLANG_WARN_ENUM_CONVERSION = YES;
				CLANG_WARN_INFINITE_RECURSION = YES;
				CLANG_WARN_INT_CONVERSION = YES;
				CLANG_WARN_NON_LITERAL_NULL_CONVERSION = YES;
				CLANG_WARN_OBJC_IMPLICIT_RETAIN_SELF = YES;
				CLANG_WARN_OBJC_LITERAL_CONVERSION = YES;
				CLANG_WARN_OBJC_ROOT_CLASS = YES_ERROR;
				CLANG_WARN_RANGE_LOOP_ANALYSIS = YES;
				CLANG_WARN_STRICT_PROTOTYPES = YES;
				CLANG_WARN_SUSPICIOUS_MOVE = YES;
				CLANG_WARN_UNGUARDED_AVAILABILITY = YES_AGGRESSIVE;
				CLANG_WARN_UNREACHABLE_CODE = YES;
				CLANG_WARN__DUPLICATE_METHOD_MATCH = YES;
				CODE_SIGN_IDENTITY = "iPhone Developer";
				COPY_PHASE_STRIP = NO;
				DEBUG_INFORMATION_FORMAT = dwarf;
				ENABLE_STRICT_OBJC_MSGSEND = YES;
				ENABLE_TESTABILITY = YES;
				GCC_C_LANGUAGE_STANDARD = gnu11;
				GCC_DYNAMIC_NO_PIC = NO;
				GCC_NO_COMMON_BLOCKS = YES;
				GCC_OPTIMIZATION_LEVEL = 0;
				GCC_PREPROCESSOR_DEFINITIONS = (
					"DEBUG=1",
					"$(inherited)",
				);
				GCC_WARN_64_TO_32_BIT_CONVERSION = YES;
				GCC_WARN_ABOUT_RETURN_TYPE = YES_ERROR;
				GCC_WARN_UNDECLARED_SELECTOR = YES;
				GCC_WARN_UNINITIALIZED_AUTOS = YES_AGGRESSIVE;
				GCC_WARN_UNUSED_FUNCTION = YES;
				GCC_WARN_UNUSED_VARIABLE = YES;
				IPHONEOS_DEPLOYMENT_TARGET = 12.2;
				MTL_ENABLE_DEBUG_INFO = INCLUDE_SOURCE;
				MTL_FAST_MATH = YES;
				ONLY_ACTIVE_ARCH = YES;
				SDKROOT = iphoneos;
				SWIFT_ACTIVE_COMPILATION_CONDITIONS = DEBUG;
				SWIFT_OPTIMIZATION_LEVEL = "-Onone";
			};
			name = Debug;
		};
		55365EA922E1998F0049F48F /* Release */ = {
			isa = XCBuildConfiguration;
			buildSettings = {
				ALWAYS_SEARCH_USER_PATHS = NO;
				CLANG_ANALYZER_NONNULL = YES;
				CLANG_ANALYZER_NUMBER_OBJECT_CONVERSION = YES_AGGRESSIVE;
				CLANG_CXX_LANGUAGE_STANDARD = "gnu++14";
				CLANG_CXX_LIBRARY = "libc++";
				CLANG_ENABLE_MODULES = YES;
				CLANG_ENABLE_OBJC_ARC = YES;
				CLANG_ENABLE_OBJC_WEAK = YES;
				CLANG_WARN_BLOCK_CAPTURE_AUTORELEASING = YES;
				CLANG_WARN_BOOL_CONVERSION = YES;
				CLANG_WARN_COMMA = YES;
				CLANG_WARN_CONSTANT_CONVERSION = YES;
				CLANG_WARN_DEPRECATED_OBJC_IMPLEMENTATIONS = YES;
				CLANG_WARN_DIRECT_OBJC_ISA_USAGE = YES_ERROR;
				CLANG_WARN_DOCUMENTATION_COMMENTS = YES;
				CLANG_WARN_EMPTY_BODY = YES;
				CLANG_WARN_ENUM_CONVERSION = YES;
				CLANG_WARN_INFINITE_RECURSION = YES;
				CLANG_WARN_INT_CONVERSION = YES;
				CLANG_WARN_NON_LITERAL_NULL_CONVERSION = YES;
				CLANG_WARN_OBJC_IMPLICIT_RETAIN_SELF = YES;
				CLANG_WARN_OBJC_LITERAL_CONVERSION = YES;
				CLANG_WARN_OBJC_ROOT_CLASS = YES_ERROR;
				CLANG_WARN_RANGE_LOOP_ANALYSIS = YES;
				CLANG_WARN_STRICT_PROTOTYPES = YES;
				CLANG_WARN_SUSPICIOUS_MOVE = YES;
				CLANG_WARN_UNGUARDED_AVAILABILITY = YES_AGGRESSIVE;
				CLANG_WARN_UNREACHABLE_CODE = YES;
				CLANG_WARN__DUPLICATE_METHOD_MATCH = YES;
				CODE_SIGN_IDENTITY = "iPhone Developer";
				COPY_PHASE_STRIP = NO;
				DEBUG_INFORMATION_FORMAT = "dwarf-with-dsym";
				ENABLE_NS_ASSERTIONS = NO;
				ENABLE_STRICT_OBJC_MSGSEND = YES;
				GCC_C_LANGUAGE_STANDARD = gnu11;
				GCC_NO_COMMON_BLOCKS = YES;
				GCC_WARN_64_TO_32_BIT_CONVERSION = YES;
				GCC_WARN_ABOUT_RETURN_TYPE = YES_ERROR;
				GCC_WARN_UNDECLARED_SELECTOR = YES;
				GCC_WARN_UNINITIALIZED_AUTOS = YES_AGGRESSIVE;
				GCC_WARN_UNUSED_FUNCTION = YES;
				GCC_WARN_UNUSED_VARIABLE = YES;
				IPHONEOS_DEPLOYMENT_TARGET = 12.2;
				MTL_ENABLE_DEBUG_INFO = NO;
				MTL_FAST_MATH = YES;
				SDKROOT = iphoneos;
				SWIFT_COMPILATION_MODE = wholemodule;
				SWIFT_OPTIMIZATION_LEVEL = "-O";
				VALIDATE_PRODUCT = YES;
			};
			name = Release;
		};
		55365EAB22E1998F0049F48F /* Debug */ = {
			isa = XCBuildConfiguration;
			buildSettings = {
				ASSETCATALOG_COMPILER_APPICON_NAME = AppIcon;
				ASSETCATALOG_COMPILER_LAUNCHIMAGE_NAME = LaunchImage;
				CODE_SIGN_STYLE = Automatic;
				DEVELOPMENT_TEAM = "";
				INFOPLIST_FILE = DouyuZB/Info.plist;
				LD_RUNPATH_SEARCH_PATHS = (
					"$(inherited)",
					"@executable_path/Frameworks",
				);
				PRODUCT_BUNDLE_IDENTIFIER = com.Oscar.DouyuZB;
				PRODUCT_NAME = "$(TARGET_NAME)";
				SWIFT_VERSION = 5.0;
				TARGETED_DEVICE_FAMILY = "1,2";
			};
			name = Debug;
		};
		55365EAC22E1998F0049F48F /* Release */ = {
			isa = XCBuildConfiguration;
			buildSettings = {
				ASSETCATALOG_COMPILER_APPICON_NAME = AppIcon;
				ASSETCATALOG_COMPILER_LAUNCHIMAGE_NAME = LaunchImage;
				CODE_SIGN_STYLE = Automatic;
				DEVELOPMENT_TEAM = "";
				INFOPLIST_FILE = DouyuZB/Info.plist;
				LD_RUNPATH_SEARCH_PATHS = (
					"$(inherited)",
					"@executable_path/Frameworks",
				);
				PRODUCT_BUNDLE_IDENTIFIER = com.Oscar.DouyuZB;
				PRODUCT_NAME = "$(TARGET_NAME)";
				SWIFT_VERSION = 5.0;
				TARGETED_DEVICE_FAMILY = "1,2";
			};
			name = Release;
		};
		55365EAE22E1998F0049F48F /* Debug */ = {
			isa = XCBuildConfiguration;
			buildSettings = {
				ALWAYS_EMBED_SWIFT_STANDARD_LIBRARIES = YES;
				BUNDLE_LOADER = "$(TEST_HOST)";
				CODE_SIGN_STYLE = Automatic;
				INFOPLIST_FILE = DouyuZBTests/Info.plist;
				LD_RUNPATH_SEARCH_PATHS = (
					"$(inherited)",
					"@executable_path/Frameworks",
					"@loader_path/Frameworks",
				);
				PRODUCT_BUNDLE_IDENTIFIER = com.Oscar.DouyuZBTests;
				PRODUCT_NAME = "$(TARGET_NAME)";
				SWIFT_VERSION = 5.0;
				TARGETED_DEVICE_FAMILY = "1,2";
				TEST_HOST = "$(BUILT_PRODUCTS_DIR)/DouyuZB.app/DouyuZB";
			};
			name = Debug;
		};
		55365EAF22E1998F0049F48F /* Release */ = {
			isa = XCBuildConfiguration;
			buildSettings = {
				ALWAYS_EMBED_SWIFT_STANDARD_LIBRARIES = YES;
				BUNDLE_LOADER = "$(TEST_HOST)";
				CODE_SIGN_STYLE = Automatic;
				INFOPLIST_FILE = DouyuZBTests/Info.plist;
				LD_RUNPATH_SEARCH_PATHS = (
					"$(inherited)",
					"@executable_path/Frameworks",
					"@loader_path/Frameworks",
				);
				PRODUCT_BUNDLE_IDENTIFIER = com.Oscar.DouyuZBTests;
				PRODUCT_NAME = "$(TARGET_NAME)";
				SWIFT_VERSION = 5.0;
				TARGETED_DEVICE_FAMILY = "1,2";
				TEST_HOST = "$(BUILT_PRODUCTS_DIR)/DouyuZB.app/DouyuZB";
			};
			name = Release;
		};
		55365EB122E1998F0049F48F /* Debug */ = {
			isa = XCBuildConfiguration;
			buildSettings = {
				ALWAYS_EMBED_SWIFT_STANDARD_LIBRARIES = YES;
				CODE_SIGN_STYLE = Automatic;
				INFOPLIST_FILE = DouyuZBUITests/Info.plist;
				LD_RUNPATH_SEARCH_PATHS = (
					"$(inherited)",
					"@executable_path/Frameworks",
					"@loader_path/Frameworks",
				);
				PRODUCT_BUNDLE_IDENTIFIER = com.Oscar.DouyuZBUITests;
				PRODUCT_NAME = "$(TARGET_NAME)";
				SWIFT_VERSION = 5.0;
				TARGETED_DEVICE_FAMILY = "1,2";
				TEST_TARGET_NAME = DouyuZB;
			};
			name = Debug;
		};
		55365EB222E1998F0049F48F /* Release */ = {
			isa = XCBuildConfiguration;
			buildSettings = {
				ALWAYS_EMBED_SWIFT_STANDARD_LIBRARIES = YES;
				CODE_SIGN_STYLE = Automatic;
				INFOPLIST_FILE = DouyuZBUITests/Info.plist;
				LD_RUNPATH_SEARCH_PATHS = (
					"$(inherited)",
					"@executable_path/Frameworks",
					"@loader_path/Frameworks",
				);
				PRODUCT_BUNDLE_IDENTIFIER = com.Oscar.DouyuZBUITests;
				PRODUCT_NAME = "$(TARGET_NAME)";
				SWIFT_VERSION = 5.0;
				TARGETED_DEVICE_FAMILY = "1,2";
				TEST_TARGET_NAME = DouyuZB;
			};
			name = Release;
		};
/* End XCBuildConfiguration section */

/* Begin XCConfigurationList section */
		55365E7A22E1998D0049F48F /* Build configuration list for PBXProject "DouyuZB" */ = {
			isa = XCConfigurationList;
			buildConfigurations = (
				55365EA822E1998F0049F48F /* Debug */,
				55365EA922E1998F0049F48F /* Release */,
			);
			defaultConfigurationIsVisible = 0;
			defaultConfigurationName = Release;
		};
		55365EAA22E1998F0049F48F /* Build configuration list for PBXNativeTarget "DouyuZB" */ = {
			isa = XCConfigurationList;
			buildConfigurations = (
				55365EAB22E1998F0049F48F /* Debug */,
				55365EAC22E1998F0049F48F /* Release */,
			);
			defaultConfigurationIsVisible = 0;
			defaultConfigurationName = Release;
		};
		55365EAD22E1998F0049F48F /* Build configuration list for PBXNativeTarget "DouyuZBTests" */ = {
			isa = XCConfigurationList;
			buildConfigurations = (
				55365EAE22E1998F0049F48F /* Debug */,
				55365EAF22E1998F0049F48F /* Release */,
			);
			defaultConfigurationIsVisible = 0;
			defaultConfigurationName = Release;
		};
		55365EB022E1998F0049F48F /* Build configuration list for PBXNativeTarget "DouyuZBUITests" */ = {
			isa = XCConfigurationList;
			buildConfigurations = (
				55365EB122E1998F0049F48F /* Debug */,
				55365EB222E1998F0049F48F /* Release */,
			);
			defaultConfigurationIsVisible = 0;
			defaultConfigurationName = Release;
		};
/* End XCConfigurationList section */

/* Begin XCVersionGroup section */
		55365E8922E1998D0049F48F /* DouyuZB.xcdatamodeld */ = {
			isa = XCVersionGroup;
			children = (
				55365E8A22E1998D0049F48F /* DouyuZB.xcdatamodel */,
			);
			currentVersion = 55365E8A22E1998D0049F48F /* DouyuZB.xcdatamodel */;
			path = DouyuZB.xcdatamodeld;
			sourceTree = "<group>";
			versionGroupType = wrapper.xcdatamodel;
		};
/* End XCVersionGroup section */
	};
	rootObject = 55365E7722E1998D0049F48F /* Project object */;
}
